// !$*UTF8*$!
{
	archiveVersion = 1;
	classes = {
	};
	objectVersion = 55;
	objects = {

/* Begin PBXBuildFile section */
		8190400DB08C88018D2F84C7 /* hello.swift in Sources */ = {isa = PBXBuildFile; fileRef = 81904589C82781E4F4287B75 /* hello.swift */; };
		F2C16259275B5F9700B3A34C /* AppDelegate.swift in Sources */ = {isa = PBXBuildFile; fileRef = F2C16258275B5F9700B3A34C /* AppDelegate.swift */; };
		F2C1625B275B5F9700B3A34C /* SceneDelegate.swift in Sources */ = {isa = PBXBuildFile; fileRef = F2C1625A275B5F9700B3A34C /* SceneDelegate.swift */; };
		F2C1625D275B5F9700B3A34C /* ViewController.swift in Sources */ = {isa = PBXBuildFile; fileRef = F2C1625C275B5F9700B3A34C /* ViewController.swift */; };
		F2C16260275B5F9700B3A34C /* Main.storyboard in Resources */ = {isa = PBXBuildFile; fileRef = F2C1625E275B5F9700B3A34C /* Main.storyboard */; };
		F2C16262275B5F9800B3A34C /* Assets.xcassets in Resources */ = {isa = PBXBuildFile; fileRef = F2C16261275B5F9800B3A34C /* Assets.xcassets */; };
		F2C16265275B5F9800B3A34C /* LaunchScreen.storyboard in Resources */ = {isa = PBXBuildFile; fileRef = F2C16263275B5F9800B3A34C /* LaunchScreen.storyboard */; };
		F2C16270275B5F9800B3A34C /* troupeAppTests.swift in Sources */ = {isa = PBXBuildFile; fileRef = F2C1626F275B5F9800B3A34C /* troupeAppTests.swift */; };
		F2C1627A275B5F9800B3A34C /* troupeAppUITests.swift in Sources */ = {isa = PBXBuildFile; fileRef = F2C16279275B5F9800B3A34C /* troupeAppUITests.swift */; };
		F2C1627C275B5F9800B3A34C /* troupeAppUITestsLaunchTests.swift in Sources */ = {isa = PBXBuildFile; fileRef = F2C1627B275B5F9800B3A34C /* troupeAppUITestsLaunchTests.swift */; };
/* End PBXBuildFile section */

/* Begin PBXContainerItemProxy section */
		F2C1626C275B5F9800B3A34C /* PBXContainerItemProxy */ = {
			isa = PBXContainerItemProxy;
			containerPortal = F2C1624D275B5F9700B3A34C /* Project object */;
			proxyType = 1;
			remoteGlobalIDString = F2C16254275B5F9700B3A34C;
			remoteInfo = troupeApp;
		};
		F2C16276275B5F9800B3A34C /* PBXContainerItemProxy */ = {
			isa = PBXContainerItemProxy;
			containerPortal = F2C1624D275B5F9700B3A34C /* Project object */;
			proxyType = 1;
			remoteGlobalIDString = F2C16254275B5F9700B3A34C;
			remoteInfo = troupeApp;
		};
/* End PBXContainerItemProxy section */

/* Begin PBXFileReference section */
		81904589C82781E4F4287B75 /* hello.swift */ = {isa = PBXFileReference; fileEncoding = 4; lastKnownFileType = sourcecode.swift; path = hello.swift; sourceTree = "<group>"; };
		F2C16255275B5F9700B3A34C /* troupeApp.app */ = {isa = PBXFileReference; explicitFileType = wrapper.application; includeInIndex = 0; path = troupeApp.app; sourceTree = BUILT_PRODUCTS_DIR; };
		F2C16258275B5F9700B3A34C /* AppDelegate.swift */ = {isa = PBXFileReference; lastKnownFileType = sourcecode.swift; path = AppDelegate.swift; sourceTree = "<group>"; };
		F2C1625A275B5F9700B3A34C /* SceneDelegate.swift */ = {isa = PBXFileReference; lastKnownFileType = sourcecode.swift; path = SceneDelegate.swift; sourceTree = "<group>"; };
		F2C1625C275B5F9700B3A34C /* ViewController.swift */ = {isa = PBXFileReference; lastKnownFileType = sourcecode.swift; path = ViewController.swift; sourceTree = "<group>"; };
		F2C1625F275B5F9700B3A34C /* Base */ = {isa = PBXFileReference; lastKnownFileType = file.storyboard; name = Base; path = Base.lproj/Main.storyboard; sourceTree = "<group>"; };
		F2C16261275B5F9800B3A34C /* Assets.xcassets */ = {isa = PBXFileReference; lastKnownFileType = folder.assetcatalog; path = Assets.xcassets; sourceTree = "<group>"; };
		F2C16264275B5F9800B3A34C /* Base */ = {isa = PBXFileReference; lastKnownFileType = file.storyboard; name = Base; path = Base.lproj/LaunchScreen.storyboard; sourceTree = "<group>"; };
		F2C16266275B5F9800B3A34C /* Info.plist */ = {isa = PBXFileReference; lastKnownFileType = text.plist.xml; path = Info.plist; sourceTree = "<group>"; };
		F2C1626B275B5F9800B3A34C /* troupeAppTests.xctest */ = {isa = PBXFileReference; explicitFileType = wrapper.cfbundle; includeInIndex = 0; path = troupeAppTests.xctest; sourceTree = BUILT_PRODUCTS_DIR; };
		F2C1626F275B5F9800B3A34C /* troupeAppTests.swift */ = {isa = PBXFileReference; lastKnownFileType = sourcecode.swift; path = troupeAppTests.swift; sourceTree = "<group>"; };
		F2C16275275B5F9800B3A34C /* troupeAppUITests.xctest */ = {isa = PBXFileReference; explicitFileType = wrapper.cfbundle; includeInIndex = 0; path = troupeAppUITests.xctest; sourceTree = BUILT_PRODUCTS_DIR; };
		F2C16279275B5F9800B3A34C /* troupeAppUITests.swift */ = {isa = PBXFileReference; lastKnownFileType = sourcecode.swift; path = troupeAppUITests.swift; sourceTree = "<group>"; };
		F2C1627B275B5F9800B3A34C /* troupeAppUITestsLaunchTests.swift */ = {isa = PBXFileReference; lastKnownFileType = sourcecode.swift; path = troupeAppUITestsLaunchTests.swift; sourceTree = "<group>"; };
/* End PBXFileReference section */

/* Begin PBXFrameworksBuildPhase section */
		F2C16252275B5F9700B3A34C /* Frameworks */ = {
			isa = PBXFrameworksBuildPhase;
			buildActionMask = 2147483647;
			files = (
			);
			runOnlyForDeploymentPostprocessing = 0;
		};
		F2C16268275B5F9800B3A34C /* Frameworks */ = {
			isa = PBXFrameworksBuildPhase;
			buildActionMask = 2147483647;
			files = (
			);
			runOnlyForDeploymentPostprocessing = 0;
		};
		F2C16272275B5F9800B3A34C /* Frameworks */ = {
			isa = PBXFrameworksBuildPhase;
			buildActionMask = 2147483647;
			files = (
			);
			runOnlyForDeploymentPostprocessing = 0;
		};
/* End PBXFrameworksBuildPhase section */

/* Begin PBXGroup section */
		F2AB43E427AA710C00354D3C /* Models */ = {
			isa = PBXGroup;
			children = (
				81904589C82781E4F4287B75 /* hello.swift */,
			);
			path = Models;
			sourceTree = "<group>";
		};
		F2C1624C275B5F9700B3A34C = {
			isa = PBXGroup;
			children = (
				F2C16257275B5F9700B3A34C /* troupeApp */,
				F2C1626E275B5F9800B3A34C /* troupeAppTests */,
				F2C16278275B5F9800B3A34C /* troupeAppUITests */,
				F2C16256275B5F9700B3A34C /* Products */,
			);
			sourceTree = "<group>";
		};
		F2C16256275B5F9700B3A34C /* Products */ = {
			isa = PBXGroup;
			children = (
				F2C16255275B5F9700B3A34C /* troupeApp.app */,
				F2C1626B275B5F9800B3A34C /* troupeAppTests.xctest */,
				F2C16275275B5F9800B3A34C /* troupeAppUITests.xctest */,
			);
			name = Products;
			sourceTree = "<group>";
		};
		F2C16257275B5F9700B3A34C /* troupeApp */ = {
			isa = PBXGroup;
			children = (
				F2AB43E427AA710C00354D3C /* Models */,
				F2C16258275B5F9700B3A34C /* AppDelegate.swift */,
				F2C1625A275B5F9700B3A34C /* SceneDelegate.swift */,
				F2C1625C275B5F9700B3A34C /* ViewController.swift */,
				F2C1625E275B5F9700B3A34C /* Main.storyboard */,
				F2C16261275B5F9800B3A34C /* Assets.xcassets */,
				F2C16263275B5F9800B3A34C /* LaunchScreen.storyboard */,
				F2C16266275B5F9800B3A34C /* Info.plist */,
			);
			path = troupeApp;
			sourceTree = "<group>";
		};
		F2C1626E275B5F9800B3A34C /* troupeAppTests */ = {
			isa = PBXGroup;
			children = (
				F2C1626F275B5F9800B3A34C /* troupeAppTests.swift */,
			);
			path = troupeAppTests;
			sourceTree = "<group>";
		};
		F2C16278275B5F9800B3A34C /* troupeAppUITests */ = {
			isa = PBXGroup;
			children = (
				F2C16279275B5F9800B3A34C /* troupeAppUITests.swift */,
				F2C1627B275B5F9800B3A34C /* troupeAppUITestsLaunchTests.swift */,
			);
			path = troupeAppUITests;
			sourceTree = "<group>";
		};
/* End PBXGroup section */

/* Begin PBXNativeTarget section */
		F2C16254275B5F9700B3A34C /* troupeApp */ = {
			isa = PBXNativeTarget;
			buildConfigurationList = F2C1627F275B5F9800B3A34C /* Build configuration list for PBXNativeTarget "troupeApp" */;
			buildPhases = (
				F2C16251275B5F9700B3A34C /* Sources */,
				F2C16252275B5F9700B3A34C /* Frameworks */,
				F2C16253275B5F9700B3A34C /* Resources */,
			);
			buildRules = (
			);
			dependencies = (
			);
			name = troupeApp;
			productName = troupeApp;
			productReference = F2C16255275B5F9700B3A34C /* troupeApp.app */;
			productType = "com.apple.product-type.application";
		};
		F2C1626A275B5F9800B3A34C /* troupeAppTests */ = {
			isa = PBXNativeTarget;
			buildConfigurationList = F2C16282275B5F9800B3A34C /* Build configuration list for PBXNativeTarget "troupeAppTests" */;
			buildPhases = (
				F2C16267275B5F9800B3A34C /* Sources */,
				F2C16268275B5F9800B3A34C /* Frameworks */,
				F2C16269275B5F9800B3A34C /* Resources */,
			);
			buildRules = (
			);
			dependencies = (
				F2C1626D275B5F9800B3A34C /* PBXTargetDependency */,
			);
			name = troupeAppTests;
			productName = troupeAppTests;
			productReference = F2C1626B275B5F9800B3A34C /* troupeAppTests.xctest */;
			productType = "com.apple.product-type.bundle.unit-test";
		};
		F2C16274275B5F9800B3A34C /* troupeAppUITests */ = {
			isa = PBXNativeTarget;
			buildConfigurationList = F2C16285275B5F9800B3A34C /* Build configuration list for PBXNativeTarget "troupeAppUITests" */;
			buildPhases = (
				F2C16271275B5F9800B3A34C /* Sources */,
				F2C16272275B5F9800B3A34C /* Frameworks */,
				F2C16273275B5F9800B3A34C /* Resources */,
			);
			buildRules = (
			);
			dependencies = (
				F2C16277275B5F9800B3A34C /* PBXTargetDependency */,
			);
			name = troupeAppUITests;
			productName = troupeAppUITests;
			productReference = F2C16275275B5F9800B3A34C /* troupeAppUITests.xctest */;
			productType = "com.apple.product-type.bundle.ui-testing";
		};
/* End PBXNativeTarget section */

/* Begin PBXProject section */
		F2C1624D275B5F9700B3A34C /* Project object */ = {
			isa = PBXProject;
			attributes = {
				BuildIndependentTargetsInParallel = 1;
				LastSwiftUpdateCheck = 1310;
				LastUpgradeCheck = 1310;
				TargetAttributes = {
					F2C16254275B5F9700B3A34C = {
						CreatedOnToolsVersion = 13.1;
					};
					F2C1626A275B5F9800B3A34C = {
						CreatedOnToolsVersion = 13.1;
						TestTargetID = F2C16254275B5F9700B3A34C;
					};
					F2C16274275B5F9800B3A34C = {
						CreatedOnToolsVersion = 13.1;
						TestTargetID = F2C16254275B5F9700B3A34C;
					};
				};
			};
			buildConfigurationList = F2C16250275B5F9700B3A34C /* Build configuration list for PBXProject "troupeApp" */;
			compatibilityVersion = "Xcode 13.0";
			developmentRegion = en;
			hasScannedForEncodings = 0;
			knownRegions = (
				en,
				Base,
			);
			mainGroup = F2C1624C275B5F9700B3A34C;
			productRefGroup = F2C16256275B5F9700B3A34C /* Products */;
			projectDirPath = "";
			projectRoot = "";
			targets = (
				F2C16254275B5F9700B3A34C /* troupeApp */,
				F2C1626A275B5F9800B3A34C /* troupeAppTests */,
				F2C16274275B5F9800B3A34C /* troupeAppUITests */,
			);
		};
/* End PBXProject section */

/* Begin PBXResourcesBuildPhase section */
		F2C16253275B5F9700B3A34C /* Resources */ = {
			isa = PBXResourcesBuildPhase;
			buildActionMask = 2147483647;
			files = (
				F2C16265275B5F9800B3A34C /* LaunchScreen.storyboard in Resources */,
				F2C16262275B5F9800B3A34C /* Assets.xcassets in Resources */,
				F2C16260275B5F9700B3A34C /* Main.storyboard in Resources */,
			);
			runOnlyForDeploymentPostprocessing = 0;
		};
		F2C16269275B5F9800B3A34C /* Resources */ = {
			isa = PBXResourcesBuildPhase;
			buildActionMask = 2147483647;
			files = (
			);
			runOnlyForDeploymentPostprocessing = 0;
		};
		F2C16273275B5F9800B3A34C /* Resources */ = {
			isa = PBXResourcesBuildPhase;
			buildActionMask = 2147483647;
			files = (
			);
			runOnlyForDeploymentPostprocessing = 0;
		};
/* End PBXResourcesBuildPhase section */

/* Begin PBXSourcesBuildPhase section */
		F2C16251275B5F9700B3A34C /* Sources */ = {
			isa = PBXSourcesBuildPhase;
			buildActionMask = 2147483647;
			files = (
				F2C1625D275B5F9700B3A34C /* ViewController.swift in Sources */,
				F2C16259275B5F9700B3A34C /* AppDelegate.swift in Sources */,
				F2C1625B275B5F9700B3A34C /* SceneDelegate.swift in Sources */,
				8190400DB08C88018D2F84C7 /* hello.swift in Sources */,
			);
			runOnlyForDeploymentPostprocessing = 0;
		};
		F2C16267275B5F9800B3A34C /* Sources */ = {
			isa = PBXSourcesBuildPhase;
			buildActionMask = 2147483647;
			files = (
				F2C16270275B5F9800B3A34C /* troupeAppTests.swift in Sources */,
			);
			runOnlyForDeploymentPostprocessing = 0;
		};
		F2C16271275B5F9800B3A34C /* Sources */ = {
			isa = PBXSourcesBuildPhase;
			buildActionMask = 2147483647;
			files = (
				F2C1627A275B5F9800B3A34C /* troupeAppUITests.swift in Sources */,
				F2C1627C275B5F9800B3A34C /* troupeAppUITestsLaunchTests.swift in Sources */,
			);
			runOnlyForDeploymentPostprocessing = 0;
		};
/* End PBXSourcesBuildPhase section */

/* Begin PBXTargetDependency section */
		F2C1626D275B5F9800B3A34C /* PBXTargetDependency */ = {
			isa = PBXTargetDependency;
			target = F2C16254275B5F9700B3A34C /* troupeApp */;
			targetProxy = F2C1626C275B5F9800B3A34C /* PBXContainerItemProxy */;
		};
		F2C16277275B5F9800B3A34C /* PBXTargetDependency */ = {
			isa = PBXTargetDependency;
			target = F2C16254275B5F9700B3A34C /* troupeApp */;
			targetProxy = F2C16276275B5F9800B3A34C /* PBXContainerItemProxy */;
		};
/* End PBXTargetDependency section */

/* Begin PBXVariantGroup section */
		F2C1625E275B5F9700B3A34C /* Main.storyboard */ = {
			isa = PBXVariantGroup;
			children = (
				F2C1625F275B5F9700B3A34C /* Base */,
			);
			name = Main.storyboard;
			sourceTree = "<group>";
		};
		F2C16263275B5F9800B3A34C /* LaunchScreen.storyboard */ = {
			isa = PBXVariantGroup;
			children = (
				F2C16264275B5F9800B3A34C /* Base */,
			);
			name = LaunchScreen.storyboard;
			sourceTree = "<group>";
		};
/* End PBXVariantGroup section */

/* Begin XCBuildConfiguration section */
		F2C1627D275B5F9800B3A34C /* Debug */ = {
			isa = XCBuildConfiguration;
			buildSettings = {
				ALWAYS_SEARCH_USER_PATHS = NO;
				CLANG_ANALYZER_NONNULL = YES;
				CLANG_ANALYZER_NUMBER_OBJECT_CONVERSION = YES_AGGRESSIVE;
				CLANG_CXX_LANGUAGE_STANDARD = "gnu++17";
				CLANG_CXX_LIBRARY = "libc++";
				CLANG_ENABLE_MODULES = YES;
				CLANG_ENABLE_OBJC_ARC = YES;
				CLANG_ENABLE_OBJC_WEAK = YES;
				CLANG_WARN_BLOCK_CAPTURE_AUTORELEASING = YES;
				CLANG_WARN_BOOL_CONVERSION = YES;
				CLANG_WARN_COMMA = YES;
				CLANG_WARN_CONSTANT_CONVERSION = YES;
				CLANG_WARN_DEPRECATED_OBJC_IMPLEMENTATIONS = YES;
				CLANG_WARN_DIRECT_OBJC_ISA_USAGE = YES_ERROR;
				CLANG_WARN_DOCUMENTATION_COMMENTS = YES;
				CLANG_WARN_EMPTY_BODY = YES;
				CLANG_WARN_ENUM_CONVERSION = YES;
				CLANG_WARN_INFINITE_RECURSION = YES;
				CLANG_WARN_INT_CONVERSION = YES;
				CLANG_WARN_NON_LITERAL_NULL_CONVERSION = YES;
				CLANG_WARN_OBJC_IMPLICIT_RETAIN_SELF = YES;
				CLANG_WARN_OBJC_LITERAL_CONVERSION = YES;
				CLANG_WARN_OBJC_ROOT_CLASS = YES_ERROR;
				CLANG_WARN_QUOTED_INCLUDE_IN_FRAMEWORK_HEADER = YES;
				CLANG_WARN_RANGE_LOOP_ANALYSIS = YES;
				CLANG_WARN_STRICT_PROTOTYPES = YES;
				CLANG_WARN_SUSPICIOUS_MOVE = YES;
				CLANG_WARN_UNGUARDED_AVAILABILITY = YES_AGGRESSIVE;
				CLANG_WARN_UNREACHABLE_CODE = YES;
				CLANG_WARN__DUPLICATE_METHOD_MATCH = YES;
				COPY_PHASE_STRIP = NO;
				DEBUG_INFORMATION_FORMAT = dwarf;
				ENABLE_STRICT_OBJC_MSGSEND = YES;
				ENABLE_TESTABILITY = YES;
				GCC_C_LANGUAGE_STANDARD = gnu11;
				GCC_DYNAMIC_NO_PIC = NO;
				GCC_NO_COMMON_BLOCKS = YES;
				GCC_OPTIMIZATION_LEVEL = 0;
				GCC_PREPROCESSOR_DEFINITIONS = (
					"DEBUG=1",
					"$(inherited)",
				);
				GCC_WARN_64_TO_32_BIT_CONVERSION = YES;
				GCC_WARN_ABOUT_RETURN_TYPE = YES_ERROR;
				GCC_WARN_UNDECLARED_SELECTOR = YES;
				GCC_WARN_UNINITIALIZED_AUTOS = YES_AGGRESSIVE;
				GCC_WARN_UNUSED_FUNCTION = YES;
				GCC_WARN_UNUSED_VARIABLE = YES;
				IPHONEOS_DEPLOYMENT_TARGET = 15.0;
				MTL_ENABLE_DEBUG_INFO = INCLUDE_SOURCE;
				MTL_FAST_MATH = YES;
				ONLY_ACTIVE_ARCH = YES;
				SDKROOT = iphoneos;
				SWIFT_ACTIVE_COMPILATION_CONDITIONS = DEBUG;
				SWIFT_OPTIMIZATION_LEVEL = "-Onone";
			};
			name = Debug;
		};
		F2C1627E275B5F9800B3A34C /* Release */ = {
			isa = XCBuildConfiguration;
			buildSettings = {
				ALWAYS_SEARCH_USER_PATHS = NO;
				CLANG_ANALYZER_NONNULL = YES;
				CLANG_ANALYZER_NUMBER_OBJECT_CONVERSION = YES_AGGRESSIVE;
				CLANG_CXX_LANGUAGE_STANDARD = "gnu++17";
				CLANG_CXX_LIBRARY = "libc++";
				CLANG_ENABLE_MODULES = YES;
				CLANG_ENABLE_OBJC_ARC = YES;
				CLANG_ENABLE_OBJC_WEAK = YES;
				CLANG_WARN_BLOCK_CAPTURE_AUTORELEASING = YES;
				CLANG_WARN_BOOL_CONVERSION = YES;
				CLANG_WARN_COMMA = YES;
				CLANG_WARN_CONSTANT_CONVERSION = YES;
				CLANG_WARN_DEPRECATED_OBJC_IMPLEMENTATIONS = YES;
				CLANG_WARN_DIRECT_OBJC_ISA_USAGE = YES_ERROR;
				CLANG_WARN_DOCUMENTATION_COMMENTS = YES;
				CLANG_WARN_EMPTY_BODY = YES;
				CLANG_WARN_ENUM_CONVERSION = YES;
				CLANG_WARN_INFINITE_RECURSION = YES;
				CLANG_WARN_INT_CONVERSION = YES;
				CLANG_WARN_NON_LITERAL_NULL_CONVERSION = YES;
				CLANG_WARN_OBJC_IMPLICIT_RETAIN_SELF = YES;
				CLANG_WARN_OBJC_LITERAL_CONVERSION = YES;
				CLANG_WARN_OBJC_ROOT_CLASS = YES_ERROR;
				CLANG_WARN_QUOTED_INCLUDE_IN_FRAMEWORK_HEADER = YES;
				CLANG_WARN_RANGE_LOOP_ANALYSIS = YES;
				CLANG_WARN_STRICT_PROTOTYPES = YES;
				CLANG_WARN_SUSPICIOUS_MOVE = YES;
				CLANG_WARN_UNGUARDED_AVAILABILITY = YES_AGGRESSIVE;
				CLANG_WARN_UNREACHABLE_CODE = YES;
				CLANG_WARN__DUPLICATE_METHOD_MATCH = YES;
				COPY_PHASE_STRIP = NO;
				DEBUG_INFORMATION_FORMAT = "dwarf-with-dsym";
				ENABLE_NS_ASSERTIONS = NO;
				ENABLE_STRICT_OBJC_MSGSEND = YES;
				GCC_C_LANGUAGE_STANDARD = gnu11;
				GCC_NO_COMMON_BLOCKS = YES;
				GCC_WARN_64_TO_32_BIT_CONVERSION = YES;
				GCC_WARN_ABOUT_RETURN_TYPE = YES_ERROR;
				GCC_WARN_UNDECLARED_SELECTOR = YES;
				GCC_WARN_UNINITIALIZED_AUTOS = YES_AGGRESSIVE;
				GCC_WARN_UNUSED_FUNCTION = YES;
				GCC_WARN_UNUSED_VARIABLE = YES;
				IPHONEOS_DEPLOYMENT_TARGET = 15.0;
				MTL_ENABLE_DEBUG_INFO = NO;
				MTL_FAST_MATH = YES;
				SDKROOT = iphoneos;
				SWIFT_COMPILATION_MODE = wholemodule;
				SWIFT_OPTIMIZATION_LEVEL = "-O";
				VALIDATE_PRODUCT = YES;
			};
			name = Release;
		};
		F2C16280275B5F9800B3A34C /* Debug */ = {
			isa = XCBuildConfiguration;
			buildSettings = {
				ASSETCATALOG_COMPILER_APPICON_NAME = AppIcon;
				ASSETCATALOG_COMPILER_GLOBAL_ACCENT_COLOR_NAME = AccentColor;
				CODE_SIGN_STYLE = Automatic;
				CURRENT_PROJECT_VERSION = 1;
				GENERATE_INFOPLIST_FILE = YES;
				INFOPLIST_FILE = troupeApp/Info.plist;
				INFOPLIST_KEY_UIApplicationSupportsIndirectInputEvents = YES;
				INFOPLIST_KEY_UILaunchStoryboardName = LaunchScreen;
				INFOPLIST_KEY_UIMainStoryboardFile = Main;
				INFOPLIST_KEY_UISupportedInterfaceOrientations_iPad = "UIInterfaceOrientationPortrait UIInterfaceOrientationPortraitUpsideDown UIInterfaceOrientationLandscapeLeft UIInterfaceOrientationLandscapeRight";
				INFOPLIST_KEY_UISupportedInterfaceOrientations_iPhone = "UIInterfaceOrientationPortrait UIInterfaceOrientationLandscapeLeft UIInterfaceOrientationLandscapeRight";
				LD_RUNPATH_SEARCH_PATHS = (
					"$(inherited)",
					"@executable_path/Frameworks",
				);
				MARKETING_VERSION = 1.0;
				PRODUCT_BUNDLE_IDENTIFIER = reoto.troupeApp;
				PRODUCT_NAME = "$(TARGET_NAME)";
				SWIFT_EMIT_LOC_STRINGS = YES;
				SWIFT_VERSION = 5.0;
				TARGETED_DEVICE_FAMILY = "1,2";
			};
			name = Debug;
		};
		F2C16281275B5F9800B3A34C /* Release */ = {
			isa = XCBuildConfiguration;
			buildSettings = {
				ASSETCATALOG_COMPILER_APPICON_NAME = AppIcon;
				ASSETCATALOG_COMPILER_GLOBAL_ACCENT_COLOR_NAME = AccentColor;
				CODE_SIGN_STYLE = Automatic;
				CURRENT_PROJECT_VERSION = 1;
				GENERATE_INFOPLIST_FILE = YES;
				INFOPLIST_FILE = troupeApp/Info.plist;
				INFOPLIST_KEY_UIApplicationSupportsIndirectInputEvents = YES;
				INFOPLIST_KEY_UILaunchStoryboardName = LaunchScreen;
				INFOPLIST_KEY_UIMainStoryboardFile = Main;
				INFOPLIST_KEY_UISupportedInterfaceOrientations_iPad = "UIInterfaceOrientationPortrait UIInterfaceOrientationPortraitUpsideDown UIInterfaceOrientationLandscapeLeft UIInterfaceOrientationLandscapeRight";
				INFOPLIST_KEY_UISupportedInterfaceOrientations_iPhone = "UIInterfaceOrientationPortrait UIInterfaceOrientationLandscapeLeft UIInterfaceOrientationLandscapeRight";
				LD_RUNPATH_SEARCH_PATHS = (
					"$(inherited)",
					"@executable_path/Frameworks",
				);
				MARKETING_VERSION = 1.0;
				PRODUCT_BUNDLE_IDENTIFIER = reoto.troupeApp;
				PRODUCT_NAME = "$(TARGET_NAME)";
				SWIFT_EMIT_LOC_STRINGS = YES;
				SWIFT_VERSION = 5.0;
				TARGETED_DEVICE_FAMILY = "1,2";
			};
			name = Release;
		};
		F2C16283275B5F9800B3A34C /* Debug */ = {
			isa = XCBuildConfiguration;
			buildSettings = {
				ALWAYS_EMBED_SWIFT_STANDARD_LIBRARIES = YES;
				BUNDLE_LOADER = "$(TEST_HOST)";
				CODE_SIGN_STYLE = Automatic;
				CURRENT_PROJECT_VERSION = 1;
				GENERATE_INFOPLIST_FILE = YES;
				IPHONEOS_DEPLOYMENT_TARGET = 15.0;
				LD_RUNPATH_SEARCH_PATHS = (
					"$(inherited)",
					"@executable_path/Frameworks",
					"@loader_path/Frameworks",
				);
				MARKETING_VERSION = 1.0;
				PRODUCT_BUNDLE_IDENTIFIER = reoto.troupeAppTests;
				PRODUCT_NAME = "$(TARGET_NAME)";
				SWIFT_EMIT_LOC_STRINGS = NO;
				SWIFT_VERSION = 5.0;
				TARGETED_DEVICE_FAMILY = "1,2";
				TEST_HOST = "$(BUILT_PRODUCTS_DIR)/troupeApp.app/troupeApp";
			};
			name = Debug;
		};
		F2C16284275B5F9800B3A34C /* Release */ = {
			isa = XCBuildConfiguration;
			buildSettings = {
				ALWAYS_EMBED_SWIFT_STANDARD_LIBRARIES = YES;
				BUNDLE_LOADER = "$(TEST_HOST)";
				CODE_SIGN_STYLE = Automatic;
				CURRENT_PROJECT_VERSION = 1;
				GENERATE_INFOPLIST_FILE = YES;
				IPHONEOS_DEPLOYMENT_TARGET = 15.0;
				LD_RUNPATH_SEARCH_PATHS = (
					"$(inherited)",
					"@executable_path/Frameworks",
					"@loader_path/Frameworks",
				);
				MARKETING_VERSION = 1.0;
				PRODUCT_BUNDLE_IDENTIFIER = reoto.troupeAppTests;
				PRODUCT_NAME = "$(TARGET_NAME)";
				SWIFT_EMIT_LOC_STRINGS = NO;
				SWIFT_VERSION = 5.0;
				TARGETED_DEVICE_FAMILY = "1,2";
				TEST_HOST = "$(BUILT_PRODUCTS_DIR)/troupeApp.app/troupeApp";
			};
			name = Release;
		};
		F2C16286275B5F9800B3A34C /* Debug */ = {
			isa = XCBuildConfiguration;
			buildSettings = {
				ALWAYS_EMBED_SWIFT_STANDARD_LIBRARIES = YES;
				CODE_SIGN_STYLE = Automatic;
				CURRENT_PROJECT_VERSION = 1;
				GENERATE_INFOPLIST_FILE = YES;
				LD_RUNPATH_SEARCH_PATHS = (
					"$(inherited)",
					"@executable_path/Frameworks",
					"@loader_path/Frameworks",
				);
				MARKETING_VERSION = 1.0;
				PRODUCT_BUNDLE_IDENTIFIER = reoto.troupeAppUITests;
				PRODUCT_NAME = "$(TARGET_NAME)";
				SWIFT_EMIT_LOC_STRINGS = NO;
				SWIFT_VERSION = 5.0;
				TARGETED_DEVICE_FAMILY = "1,2";
				TEST_TARGET_NAME = troupeApp;
			};
			name = Debug;
		};
		F2C16287275B5F9800B3A34C /* Release */ = {
			isa = XCBuildConfiguration;
			buildSettings = {
				ALWAYS_EMBED_SWIFT_STANDARD_LIBRARIES = YES;
				CODE_SIGN_STYLE = Automatic;
				CURRENT_PROJECT_VERSION = 1;
				GENERATE_INFOPLIST_FILE = YES;
				LD_RUNPATH_SEARCH_PATHS = (
					"$(inherited)",
					"@executable_path/Frameworks",
					"@loader_path/Frameworks",
				);
				MARKETING_VERSION = 1.0;
				PRODUCT_BUNDLE_IDENTIFIER = reoto.troupeAppUITests;
				PRODUCT_NAME = "$(TARGET_NAME)";
				SWIFT_EMIT_LOC_STRINGS = NO;
				SWIFT_VERSION = 5.0;
				TARGETED_DEVICE_FAMILY = "1,2";
				TEST_TARGET_NAME = troupeApp;
			};
			name = Release;
		};
/* End XCBuildConfiguration section */

/* Begin XCConfigurationList section */
		F2C16250275B5F9700B3A34C /* Build configuration list for PBXProject "troupeApp" */ = {
			isa = XCConfigurationList;
			buildConfigurations = (
				F2C1627D275B5F9800B3A34C /* Debug */,
				F2C1627E275B5F9800B3A34C /* Release */,
			);
			defaultConfigurationIsVisible = 0;
			defaultConfigurationName = Release;
		};
		F2C1627F275B5F9800B3A34C /* Build configuration list for PBXNativeTarget "troupeApp" */ = {
			isa = XCConfigurationList;
			buildConfigurations = (
				F2C16280275B5F9800B3A34C /* Debug */,
				F2C16281275B5F9800B3A34C /* Release */,
			);
			defaultConfigurationIsVisible = 0;
			defaultConfigurationName = Release;
		};
		F2C16282275B5F9800B3A34C /* Build configuration list for PBXNativeTarget "troupeAppTests" */ = {
			isa = XCConfigurationList;
			buildConfigurations = (
				F2C16283275B5F9800B3A34C /* Debug */,
				F2C16284275B5F9800B3A34C /* Release */,
			);
			defaultConfigurationIsVisible = 0;
			defaultConfigurationName = Release;
		};
		F2C16285275B5F9800B3A34C /* Build configuration list for PBXNativeTarget "troupeAppUITests" */ = {
			isa = XCConfigurationList;
			buildConfigurations = (
				F2C16286275B5F9800B3A34C /* Debug */,
				F2C16287275B5F9800B3A34C /* Release */,
			);
			defaultConfigurationIsVisible = 0;
			defaultConfigurationName = Release;
		};
/* End XCConfigurationList section */
	};
	rootObject = F2C1624D275B5F9700B3A34C /* Project object */;
}
